github.com/mnako/letters v0.2.2 h1:koVahnzazHIq3aQnjVZE5SBJ7ZG/mXK6uSM4Jh70Naw=
github.com/mnako/letters v0.2.2/go.mod h1:8DKs/xAQ9A7TP8zrLiZPvlrX5synZnvRyTT5Ja+QUK4=
github.com/paulrosania/go-charset v0.0.0-20190326053356-55c9d7a5834c h1:P6XGcuPTigoHf4TSu+3D/7QOQ1MbL6alNwrGhcW7sKw=
github.com/paulrosania/go-charset v0.0.0-20190326053356-55c9d7a5834c/go.mod h1:YnNlZP7l4MhyGQ4CBRwv6ohZTPrUJJZtEv4ZgADkbs4=
github.com/sg3des/eml v0.0.0-20151119111839-451f15451b51 h1:E1KuRSk7li76y0pxPQSXBpzCJNyLgOmYBd4KuE3OxrQ=
github.com/sg3des/eml v0.0.0-20151119111839-451f15451b51/go.mod h1:RKzx1/4zO+aufJXnFaRyNxLbC3Ne6ZSY8jrKDcln3Uk=
golang.org/x/net v0.17.0 h1:pVaXccu2ozPjCXewfr1S7xza/zcXTity9cCdXQYSjIM=
golang.org/x/net v0.17.0/go.mod h1:NxSsAGuq816PNPmqtQdLE42eU2Fs7NoRIZrHJAlaCOE=
golang.org/x/text v0.13.0 h1:ablQoSUd0tRdKxZewP80B+BaqeKJuVhuRxj/dkrun3k=
golang.org/x/text v0.13.0/go.mod h1:TvPlkZtksWOMsz7fbANvkp4WM8x/WCo/om8BMLbz+aE=
